# This file was autogenerated by Stack.
# You should not edit this file by hand.
# For more information, please see the documentation at:
#   https://docs.haskellstack.org/en/stable/lock_files

packages:
- completed:
    hackage: xmobar-0.32@sha256:f2cf80a8b524642ff28b8a821ebcba6908238080eb2df9ca09f02f643c92a83c,10784
    pantry-tree:
      size: 6129
      sha256: e027adffb5b01c2c3dace8359545fb2a48f686e97d96b12eb452c97f11066a11
  original:
    hackage: xmobar-0.32
- completed:
    hackage: iwlib-0.1.0@sha256:226e4582d6878166a172ff98c868e25c4ed478ab28ab493498e464b1fe19d39a,921
    pantry-tree:
      size: 259
      sha256: f867a93991b791adf4c65bb91f385effee7e18bd78d8e0a61fd03f42f6073705
  original:
    hackage: iwlib-0.1.0@sha256:226e4582d6878166a172ff98c868e25c4ed478ab28ab493498e464b1fe19d39a,921
- completed:
    hackage: magic-1.1@sha256:3a31ca1c49fa5f6a857f647471739bd240a6020af6ae43e71fb72201fc482fa2,928
    pantry-tree:
      size: 535
      sha256: 8fd594932f36cdf6a93266c48248a6c516d2aa237cd023eed6935ccee7ed230b
  original:
    hackage: magic-1.1@sha256:3a31ca1c49fa5f6a857f647471739bd240a6020af6ae43e71fb72201fc482fa2,928
snapshots:
- completed:
    size: 457392
    url: https://raw.githubusercontent.com/commercialhaskell/stackage-snapshots/master/nightly/2020/1/17.yaml
    sha256: 8c2a25a0da9445dee2c63c5db2e079e44f16ff870bd9f56c554ac5ec60a0fd96
  original: nightly-2020-01-17
